
Microsoft Visual Studio Solution File, Format Version 12.00
# Visual Studio 15
VisualStudioVersion = 15.0.28307.489
MinimumVisualStudioVersion = 10.0.40219.1
Project("{FAE04EC0-301F-11D3-BF4B-00C04F79EFBC}") = "TicTacToeGame", "TicTacToeGame\TicTacToeGame.csproj", "{DC16CF3D-360A-477C-8BE2-420DE36B2022}"
EndProject
Global
	GlobalSection(SolutionConfigurationPlatforms) = preSolution
		Debug|Any CPU = Debug|Any CPU
		Release|Any CPU = Release|Any CPU
	EndGlobalSection
	GlobalSection(ProjectConfigurationPlatforms) = postSolution
		{DC16CF3D-360A-477C-8BE2-420DE36B2022}.Debug|Any CPU.ActiveCfg = Debug|Any CPU
		{DC16CF3D-360A-477C-8BE2-420DE36B2022}.Debug|Any CPU.Build.0 = Debug|Any CPU
		{DC16CF3D-360A-477C-8BE2-420DE36B2022}.Release|Any CPU.ActiveCfg = Release|Any CPU
		{DC16CF3D-360A-477C-8BE2-420DE36B2022}.Release|Any CPU.Build.0 = Release|Any CPU
	EndGlobalSection
	GlobalSection(SolutionProperties) = preSolution
		HideSolutionNode = FALSE
	EndGlobalSection
	GlobalSection(ExtensibilityGlobals) = postSolution
		SolutionGuid = {D99E92C9-1FD1-44CA-B5CC-9A7F722D8448}
	EndGlobalSection
EndGlobal
